
Microsoft Visual Studio Solution File, Format Version 12.00
# Visual Studio 15
VisualStudioVersion = 15.0.27703.2026
MinimumVisualStudioVersion = 10.0.40219.1
Project("{FAE04EC0-301F-11D3-BF4B-00C04F79EFBC}") = "forensic gui", "forensic gui\forensic gui.csproj", "{83C9594E-79C8-469F-A4F7-ECD3942377D4}"
EndProject
Global
	GlobalSection(SolutionConfigurationPlatforms) = preSolution
		Debug|ARM = Debug|ARM
		Debug|x64 = Debug|x64
		Debug|x86 = Debug|x86
		Release|ARM = Release|ARM
		Release|x64 = Release|x64
		Release|x86 = Release|x86
	EndGlobalSection
	GlobalSection(ProjectConfigurationPlatforms) = postSolution
		{83C9594E-79C8-469F-A4F7-ECD3942377D4}.Debug|ARM.ActiveCfg = Debug|ARM
		{83C9594E-79C8-469F-A4F7-ECD3942377D4}.Debug|ARM.Build.0 = Debug|ARM
		{83C9594E-79C8-469F-A4F7-ECD3942377D4}.Debug|ARM.Deploy.0 = Debug|ARM
		{83C9594E-79C8-469F-A4F7-ECD3942377D4}.Debug|x64.ActiveCfg = Debug|x64
		{83C9594E-79C8-469F-A4F7-ECD3942377D4}.Debug|x64.Build.0 = Debug|x64
		{83C9594E-79C8-469F-A4F7-ECD3942377D4}.Debug|x64.Deploy.0 = Debug|x64
		{83C9594E-79C8-469F-A4F7-ECD3942377D4}.Debug|x86.ActiveCfg = Debug|x86
		{83C9594E-79C8-469F-A4F7-ECD3942377D4}.Debug|x86.Build.0 = Debug|x86
		{83C9594E-79C8-469F-A4F7-ECD3942377D4}.Debug|x86.Deploy.0 = Debug|x86
		{83C9594E-79C8-469F-A4F7-ECD3942377D4}.Release|ARM.ActiveCfg = Release|ARM
		{83C9594E-79C8-469F-A4F7-ECD3942377D4}.Release|ARM.Build.0 = Release|ARM
		{83C9594E-79C8-469F-A4F7-ECD3942377D4}.Release|ARM.Deploy.0 = Release|ARM
		{83C9594E-79C8-469F-A4F7-ECD3942377D4}.Release|x64.ActiveCfg = Release|x64
		{83C9594E-79C8-469F-A4F7-ECD3942377D4}.Release|x64.Build.0 = Release|x64
		{83C9594E-79C8-469F-A4F7-ECD3942377D4}.Release|x64.Deploy.0 = Release|x64
		{83C9594E-79C8-469F-A4F7-ECD3942377D4}.Release|x86.ActiveCfg = Release|x86
		{83C9594E-79C8-469F-A4F7-ECD3942377D4}.Release|x86.Build.0 = Release|x86
		{83C9594E-79C8-469F-A4F7-ECD3942377D4}.Release|x86.Deploy.0 = Release|x86
	EndGlobalSection
	GlobalSection(SolutionProperties) = preSolution
		HideSolutionNode = FALSE
	EndGlobalSection
	GlobalSection(ExtensibilityGlobals) = postSolution
		SolutionGuid = {AFD7EAD6-DC0E-44D2-94F9-32B96AD9E226}
	EndGlobalSection
EndGlobal
