
Microsoft Visual Studio Solution File, Format Version 12.00
# Visual Studio 15
VisualStudioVersion = 15.0.27703.2026
MinimumVisualStudioVersion = 10.0.40219.1
Project("{FAE04EC0-301F-11D3-BF4B-00C04F79EFBC}") = "Forensic_gui", "Forensic_gui\Forensic_gui.csproj", "{8A476B25-EC5A-4C92-81CE-FB5D05E81EE0}"
EndProject
Global
	GlobalSection(SolutionConfigurationPlatforms) = preSolution
		Debug|Any CPU = Debug|Any CPU
		Release|Any CPU = Release|Any CPU
	EndGlobalSection
	GlobalSection(ProjectConfigurationPlatforms) = postSolution
		{8A476B25-EC5A-4C92-81CE-FB5D05E81EE0}.Debug|Any CPU.ActiveCfg = Debug|Any CPU
		{8A476B25-EC5A-4C92-81CE-FB5D05E81EE0}.Debug|Any CPU.Build.0 = Debug|Any CPU
		{8A476B25-EC5A-4C92-81CE-FB5D05E81EE0}.Release|Any CPU.ActiveCfg = Release|Any CPU
		{8A476B25-EC5A-4C92-81CE-FB5D05E81EE0}.Release|Any CPU.Build.0 = Release|Any CPU
	EndGlobalSection
	GlobalSection(SolutionProperties) = preSolution
		HideSolutionNode = FALSE
	EndGlobalSection
	GlobalSection(ExtensibilityGlobals) = postSolution
		SolutionGuid = {C37C2FC8-A0B9-4A9B-BBB8-208446A19291}
	EndGlobalSection
EndGlobal
